// !$*UTF8*$!
{
	archiveVersion = 1;
	classes = {
	};
	objectVersion = 55;
	objects = {

/* Begin PBXBuildFile section */
		9121485D270B69A0007A3877 /* NFCUtilities.swift in Sources */ = {isa = PBXBuildFile; fileRef = 9121485C270B69A0007A3877 /* NFCUtilities.swift */; };
		9121485F270B69C7007A3877 /* LocationModel.swift in Sources */ = {isa = PBXBuildFile; fileRef = 9121485E270B69C7007A3877 /* LocationModel.swift */; };
		91214861270B6A5B007A3877 /* VisitorView.swift in Sources */ = {isa = PBXBuildFile; fileRef = 91214860270B6A5B007A3877 /* VisitorView.swift */; };
		91214863270B6AA3007A3877 /* AdminView.swift in Sources */ = {isa = PBXBuildFile; fileRef = 91214862270B6AA3007A3877 /* AdminView.swift */; };
		919D148F270B68790088552E /* NFCApp.swift in Sources */ = {isa = PBXBuildFile; fileRef = 919D148E270B68790088552E /* NFCApp.swift */; };
		919D1491270B68790088552E /* ContentView.swift in Sources */ = {isa = PBXBuildFile; fileRef = 919D1490270B68790088552E /* ContentView.swift */; };
		919D1493270B687D0088552E /* Assets.xcassets in Resources */ = {isa = PBXBuildFile; fileRef = 919D1492270B687D0088552E /* Assets.xcassets */; };
		919D1496270B687D0088552E /* Preview Assets.xcassets in Resources */ = {isa = PBXBuildFile; fileRef = 919D1495270B687D0088552E /* Preview Assets.xcassets */; };
/* End PBXBuildFile section */

/* Begin PBXFileReference section */
		9121485C270B69A0007A3877 /* NFCUtilities.swift */ = {isa = PBXFileReference; lastKnownFileType = sourcecode.swift; path = NFCUtilities.swift; sourceTree = "<group>"; };
		9121485E270B69C7007A3877 /* LocationModel.swift */ = {isa = PBXFileReference; lastKnownFileType = sourcecode.swift; path = LocationModel.swift; sourceTree = "<group>"; };
		91214860270B6A5B007A3877 /* VisitorView.swift */ = {isa = PBXFileReference; lastKnownFileType = sourcecode.swift; path = VisitorView.swift; sourceTree = "<group>"; };
		91214862270B6AA3007A3877 /* AdminView.swift */ = {isa = PBXFileReference; lastKnownFileType = sourcecode.swift; path = AdminView.swift; sourceTree = "<group>"; };
		91214864270B6B96007A3877 /* NFC.entitlements */ = {isa = PBXFileReference; lastKnownFileType = text.plist.entitlements; path = NFC.entitlements; sourceTree = "<group>"; };
		919D148B270B68790088552E /* NFC.app */ = {isa = PBXFileReference; explicitFileType = wrapper.application; includeInIndex = 0; path = NFC.app; sourceTree = BUILT_PRODUCTS_DIR; };
		919D148E270B68790088552E /* NFCApp.swift */ = {isa = PBXFileReference; lastKnownFileType = sourcecode.swift; path = NFCApp.swift; sourceTree = "<group>"; };
		919D1490270B68790088552E /* ContentView.swift */ = {isa = PBXFileReference; lastKnownFileType = sourcecode.swift; path = ContentView.swift; sourceTree = "<group>"; };
		919D1492270B687D0088552E /* Assets.xcassets */ = {isa = PBXFileReference; lastKnownFileType = folder.assetcatalog; path = Assets.xcassets; sourceTree = "<group>"; };
		919D1495270B687D0088552E /* Preview Assets.xcassets */ = {isa = PBXFileReference; lastKnownFileType = folder.assetcatalog; path = "Preview Assets.xcassets"; sourceTree = "<group>"; };
/* End PBXFileReference section */

/* Begin PBXFrameworksBuildPhase section */
		919D1488270B68790088552E /* Frameworks */ = {
			isa = PBXFrameworksBuildPhase;
			buildActionMask = 2147483647;
			files = (
			);
			runOnlyForDeploymentPostprocessing = 0;
		};
/* End PBXFrameworksBuildPhase section */

/* Begin PBXGroup section */
		91214859270B695A007A3877 /* Utilities */ = {
			isa = PBXGroup;
			children = (
				9121485C270B69A0007A3877 /* NFCUtilities.swift */,
			);
			path = Utilities;
			sourceTree = "<group>";
		};
		9121485A270B6963007A3877 /* Models */ = {
			isa = PBXGroup;
			children = (
				9121485E270B69C7007A3877 /* LocationModel.swift */,
			);
			path = Models;
			sourceTree = "<group>";
		};
		9121485B270B6975007A3877 /* Views */ = {
			isa = PBXGroup;
			children = (
				919D1490270B68790088552E /* ContentView.swift */,
				91214860270B6A5B007A3877 /* VisitorView.swift */,
				91214862270B6AA3007A3877 /* AdminView.swift */,
			);
			path = Views;
			sourceTree = "<group>";
		};
		919D1482270B68790088552E = {
			isa = PBXGroup;
			children = (
				919D148D270B68790088552E /* NFC */,
				919D148C270B68790088552E /* Products */,
			);
			sourceTree = "<group>";
		};
		919D148C270B68790088552E /* Products */ = {
			isa = PBXGroup;
			children = (
				919D148B270B68790088552E /* NFC.app */,
			);
			name = Products;
			sourceTree = "<group>";
		};
		919D148D270B68790088552E /* NFC */ = {
			isa = PBXGroup;
			children = (
				91214864270B6B96007A3877 /* NFC.entitlements */,
				9121485B270B6975007A3877 /* Views */,
				9121485A270B6963007A3877 /* Models */,
				91214859270B695A007A3877 /* Utilities */,
				919D148E270B68790088552E /* NFCApp.swift */,
				919D1492270B687D0088552E /* Assets.xcassets */,
				919D1494270B687D0088552E /* Preview Content */,
			);
			path = NFC;
			sourceTree = "<group>";
		};
		919D1494270B687D0088552E /* Preview Content */ = {
			isa = PBXGroup;
			children = (
				919D1495270B687D0088552E /* Preview Assets.xcassets */,
			);
			path = "Preview Content";
			sourceTree = "<group>";
		};
/* End PBXGroup section */

/* Begin PBXNativeTarget section */
		919D148A270B68790088552E /* NFC */ = {
			isa = PBXNativeTarget;
			buildConfigurationList = 919D1499270B687D0088552E /* Build configuration list for PBXNativeTarget "NFC" */;
			buildPhases = (
				919D1487270B68790088552E /* Sources */,
				919D1488270B68790088552E /* Frameworks */,
				919D1489270B68790088552E /* Resources */,
			);
			buildRules = (
			);
			dependencies = (
			);
			name = NFC;
			productName = NFC;
			productReference = 919D148B270B68790088552E /* NFC.app */;
			productType = "com.apple.product-type.application";
		};
/* End PBXNativeTarget section */

/* Begin PBXProject section */
		919D1483270B68790088552E /* Project object */ = {
			isa = PBXProject;
			attributes = {
				BuildIndependentTargetsInParallel = 1;
				LastSwiftUpdateCheck = 1300;
				LastUpgradeCheck = 1300;
				TargetAttributes = {
					919D148A270B68790088552E = {
						CreatedOnToolsVersion = 13.0;
					};
				};
			};
			buildConfigurationList = 919D1486270B68790088552E /* Build configuration list for PBXProject "NFC" */;
			compatibilityVersion = "Xcode 13.0";
			developmentRegion = en;
			hasScannedForEncodings = 0;
			knownRegions = (
				en,
				Base,
			);
			mainGroup = 919D1482270B68790088552E;
			productRefGroup = 919D148C270B68790088552E /* Products */;
			projectDirPath = "";
			projectRoot = "";
			targets = (
				919D148A270B68790088552E /* NFC */,
			);
		};
/* End PBXProject section */

/* Begin PBXResourcesBuildPhase section */
		919D1489270B68790088552E /* Resources */ = {
			isa = PBXResourcesBuildPhase;
			buildActionMask = 2147483647;
			files = (
				919D1496270B687D0088552E /* Preview Assets.xcassets in Resources */,
				919D1493270B687D0088552E /* Assets.xcassets in Resources */,
			);
			runOnlyForDeploymentPostprocessing = 0;
		};
/* End PBXResourcesBuildPhase section */

/* Begin PBXSourcesBuildPhase section */
		919D1487270B68790088552E /* Sources */ = {
			isa = PBXSourcesBuildPhase;
			buildActionMask = 2147483647;
			files = (
				9121485F270B69C7007A3877 /* LocationModel.swift in Sources */,
				9121485D270B69A0007A3877 /* NFCUtilities.swift in Sources */,
				91214863270B6AA3007A3877 /* AdminView.swift in Sources */,
				91214861270B6A5B007A3877 /* VisitorView.swift in Sources */,
				919D1491270B68790088552E /* ContentView.swift in Sources */,
				919D148F270B68790088552E /* NFCApp.swift in Sources */,
			);
			runOnlyForDeploymentPostprocessing = 0;
		};
/* End PBXSourcesBuildPhase section */

/* Begin XCBuildConfiguration section */
		919D1497270B687D0088552E /* Debug */ = {
			isa = XCBuildConfiguration;
			buildSettings = {
				ALWAYS_SEARCH_USER_PATHS = NO;
				CLANG_ANALYZER_NONNULL = YES;
				CLANG_ANALYZER_NUMBER_OBJECT_CONVERSION = YES_AGGRESSIVE;
				CLANG_CXX_LANGUAGE_STANDARD = "gnu++17";
				CLANG_CXX_LIBRARY = "libc++";
				CLANG_ENABLE_MODULES = YES;
				CLANG_ENABLE_OBJC_ARC = YES;
				CLANG_ENABLE_OBJC_WEAK = YES;
				CLANG_WARN_BLOCK_CAPTURE_AUTORELEASING = YES;
				CLANG_WARN_BOOL_CONVERSION = YES;
				CLANG_WARN_COMMA = YES;
				CLANG_WARN_CONSTANT_CONVERSION = YES;
				CLANG_WARN_DEPRECATED_OBJC_IMPLEMENTATIONS = YES;
				CLANG_WARN_DIRECT_OBJC_ISA_USAGE = YES_ERROR;
				CLANG_WARN_DOCUMENTATION_COMMENTS = YES;
				CLANG_WARN_EMPTY_BODY = YES;
				CLANG_WARN_ENUM_CONVERSION = YES;
				CLANG_WARN_INFINITE_RECURSION = YES;
				CLANG_WARN_INT_CONVERSION = YES;
				CLANG_WARN_NON_LITERAL_NULL_CONVERSION = YES;
				CLANG_WARN_OBJC_IMPLICIT_RETAIN_SELF = YES;
				CLANG_WARN_OBJC_LITERAL_CONVERSION = YES;
				CLANG_WARN_OBJC_ROOT_CLASS = YES_ERROR;
				CLANG_WARN_QUOTED_INCLUDE_IN_FRAMEWORK_HEADER = YES;
				CLANG_WARN_RANGE_LOOP_ANALYSIS = YES;
				CLANG_WARN_STRICT_PROTOTYPES = YES;
				CLANG_WARN_SUSPICIOUS_MOVE = YES;
				CLANG_WARN_UNGUARDED_AVAILABILITY = YES_AGGRESSIVE;
				CLANG_WARN_UNREACHABLE_CODE = YES;
				CLANG_WARN__DUPLICATE_METHOD_MATCH = YES;
				COPY_PHASE_STRIP = NO;
				DEBUG_INFORMATION_FORMAT = dwarf;
				ENABLE_STRICT_OBJC_MSGSEND = YES;
				ENABLE_TESTABILITY = YES;
				GCC_C_LANGUAGE_STANDARD = gnu11;
				GCC_DYNAMIC_NO_PIC = NO;
				GCC_NO_COMMON_BLOCKS = YES;
				GCC_OPTIMIZATION_LEVEL = 0;
				GCC_PREPROCESSOR_DEFINITIONS = (
					"DEBUG=1",
					"$(inherited)",
				);
				GCC_WARN_64_TO_32_BIT_CONVERSION = YES;
				GCC_WARN_ABOUT_RETURN_TYPE = YES_ERROR;
				GCC_WARN_UNDECLARED_SELECTOR = YES;
				GCC_WARN_UNINITIALIZED_AUTOS = YES_AGGRESSIVE;
				GCC_WARN_UNUSED_FUNCTION = YES;
				GCC_WARN_UNUSED_VARIABLE = YES;
				IPHONEOS_DEPLOYMENT_TARGET = 15.0;
				MTL_ENABLE_DEBUG_INFO = INCLUDE_SOURCE;
				MTL_FAST_MATH = YES;
				ONLY_ACTIVE_ARCH = YES;
				SDKROOT = iphoneos;
				SWIFT_ACTIVE_COMPILATION_CONDITIONS = DEBUG;
				SWIFT_OPTIMIZATION_LEVEL = "-Onone";
			};
			name = Debug;
		};
		919D1498270B687D0088552E /* Release */ = {
			isa = XCBuildConfiguration;
			buildSettings = {
				ALWAYS_SEARCH_USER_PATHS = NO;
				CLANG_ANALYZER_NONNULL = YES;
				CLANG_ANALYZER_NUMBER_OBJECT_CONVERSION = YES_AGGRESSIVE;
				CLANG_CXX_LANGUAGE_STANDARD = "gnu++17";
				CLANG_CXX_LIBRARY = "libc++";
				CLANG_ENABLE_MODULES = YES;
				CLANG_ENABLE_OBJC_ARC = YES;
				CLANG_ENABLE_OBJC_WEAK = YES;
				CLANG_WARN_BLOCK_CAPTURE_AUTORELEASING = YES;
				CLANG_WARN_BOOL_CONVERSION = YES;
				CLANG_WARN_COMMA = YES;
				CLANG_WARN_CONSTANT_CONVERSION = YES;
				CLANG_WARN_DEPRECATED_OBJC_IMPLEMENTATIONS = YES;
				CLANG_WARN_DIRECT_OBJC_ISA_USAGE = YES_ERROR;
				CLANG_WARN_DOCUMENTATION_COMMENTS = YES;
				CLANG_WARN_EMPTY_BODY = YES;
				CLANG_WARN_ENUM_CONVERSION = YES;
				CLANG_WARN_INFINITE_RECURSION = YES;
				CLANG_WARN_INT_CONVERSION = YES;
				CLANG_WARN_NON_LITERAL_NULL_CONVERSION = YES;
				CLANG_WARN_OBJC_IMPLICIT_RETAIN_SELF = YES;
				CLANG_WARN_OBJC_LITERAL_CONVERSION = YES;
				CLANG_WARN_OBJC_ROOT_CLASS = YES_ERROR;
				CLANG_WARN_QUOTED_INCLUDE_IN_FRAMEWORK_HEADER = YES;
				CLANG_WARN_RANGE_LOOP_ANALYSIS = YES;
				CLANG_WARN_STRICT_PROTOTYPES = YES;
				CLANG_WARN_SUSPICIOUS_MOVE = YES;
				CLANG_WARN_UNGUARDED_AVAILABILITY = YES_AGGRESSIVE;
				CLANG_WARN_UNREACHABLE_CODE = YES;
				CLANG_WARN__DUPLICATE_METHOD_MATCH = YES;
				COPY_PHASE_STRIP = NO;
				DEBUG_INFORMATION_FORMAT = "dwarf-with-dsym";
				ENABLE_NS_ASSERTIONS = NO;
				ENABLE_STRICT_OBJC_MSGSEND = YES;
				GCC_C_LANGUAGE_STANDARD = gnu11;
				GCC_NO_COMMON_BLOCKS = YES;
				GCC_WARN_64_TO_32_BIT_CONVERSION = YES;
				GCC_WARN_ABOUT_RETURN_TYPE = YES_ERROR;
				GCC_WARN_UNDECLARED_SELECTOR = YES;
				GCC_WARN_UNINITIALIZED_AUTOS = YES_AGGRESSIVE;
				GCC_WARN_UNUSED_FUNCTION = YES;
				GCC_WARN_UNUSED_VARIABLE = YES;
				IPHONEOS_DEPLOYMENT_TARGET = 15.0;
				MTL_ENABLE_DEBUG_INFO = NO;
				MTL_FAST_MATH = YES;
				SDKROOT = iphoneos;
				SWIFT_COMPILATION_MODE = wholemodule;
				SWIFT_OPTIMIZATION_LEVEL = "-O";
				VALIDATE_PRODUCT = YES;
			};
			name = Release;
		};
		919D149A270B687D0088552E /* Debug */ = {
			isa = XCBuildConfiguration;
			buildSettings = {
				ASSETCATALOG_COMPILER_APPICON_NAME = AppIcon;
				ASSETCATALOG_COMPILER_GLOBAL_ACCENT_COLOR_NAME = AccentColor;
				CODE_SIGN_ENTITLEMENTS = NFC/NFC.entitlements;
				CODE_SIGN_STYLE = Automatic;
				CURRENT_PROJECT_VERSION = 1;
				DEVELOPMENT_ASSET_PATHS = "\"NFC/Preview Content\"";
				DEVELOPMENT_TEAM = 9243FXK2D6;
				ENABLE_PREVIEWS = YES;
				GENERATE_INFOPLIST_FILE = YES;
				INFOPLIST_KEY_NFCReaderUsageDescription = "Needed to read NFC";
				INFOPLIST_KEY_UIApplicationSceneManifest_Generation = YES;
				INFOPLIST_KEY_UIApplicationSupportsIndirectInputEvents = YES;
				INFOPLIST_KEY_UILaunchScreen_Generation = YES;
				INFOPLIST_KEY_UISupportedInterfaceOrientations_iPad = "UIInterfaceOrientationPortrait UIInterfaceOrientationPortraitUpsideDown UIInterfaceOrientationLandscapeLeft UIInterfaceOrientationLandscapeRight";
				INFOPLIST_KEY_UISupportedInterfaceOrientations_iPhone = "UIInterfaceOrientationPortrait UIInterfaceOrientationLandscapeLeft UIInterfaceOrientationLandscapeRight";
				IPHONEOS_DEPLOYMENT_TARGET = 14.0;
				LD_RUNPATH_SEARCH_PATHS = (
					"$(inherited)",
					"@executable_path/Frameworks",
				);
				MARKETING_VERSION = 1.0;
				PRODUCT_BUNDLE_IDENTIFIER = com.greenrrepublic.NFC;
				PRODUCT_NAME = "$(TARGET_NAME)";
				SWIFT_EMIT_LOC_STRINGS = YES;
				SWIFT_VERSION = 5.0;
				TARGETED_DEVICE_FAMILY = "1,2";
			};
			name = Debug;
		};
		919D149B270B687D0088552E /* Release */ = {
			isa = XCBuildConfiguration;
			buildSettings = {
				ASSETCATALOG_COMPILER_APPICON_NAME = AppIcon;
				ASSETCATALOG_COMPILER_GLOBAL_ACCENT_COLOR_NAME = AccentColor;
				CODE_SIGN_ENTITLEMENTS = NFC/NFC.entitlements;
				CODE_SIGN_STYLE = Automatic;
				CURRENT_PROJECT_VERSION = 1;
				DEVELOPMENT_ASSET_PATHS = "\"NFC/Preview Content\"";
				DEVELOPMENT_TEAM = 9243FXK2D6;
				ENABLE_PREVIEWS = YES;
				GENERATE_INFOPLIST_FILE = YES;
				INFOPLIST_KEY_NFCReaderUsageDescription = "Needed to read NFC";
				INFOPLIST_KEY_UIApplicationSceneManifest_Generation = YES;
				INFOPLIST_KEY_UIApplicationSupportsIndirectInputEvents = YES;
				INFOPLIST_KEY_UILaunchScreen_Generation = YES;
				INFOPLIST_KEY_UISupportedInterfaceOrientations_iPad = "UIInterfaceOrientationPortrait UIInterfaceOrientationPortraitUpsideDown UIInterfaceOrientationLandscapeLeft UIInterfaceOrientationLandscapeRight";
				INFOPLIST_KEY_UISupportedInterfaceOrientations_iPhone = "UIInterfaceOrientationPortrait UIInterfaceOrientationLandscapeLeft UIInterfaceOrientationLandscapeRight";
				IPHONEOS_DEPLOYMENT_TARGET = 14.0;
				LD_RUNPATH_SEARCH_PATHS = (
					"$(inherited)",
					"@executable_path/Frameworks",
				);
				MARKETING_VERSION = 1.0;
				PRODUCT_BUNDLE_IDENTIFIER = com.greenrrepublic.NFC;
				PRODUCT_NAME = "$(TARGET_NAME)";
				SWIFT_EMIT_LOC_STRINGS = YES;
				SWIFT_VERSION = 5.0;
				TARGETED_DEVICE_FAMILY = "1,2";
			};
			name = Release;
		};
/* End XCBuildConfiguration section */

/* Begin XCConfigurationList section */
		919D1486270B68790088552E /* Build configuration list for PBXProject "NFC" */ = {
			isa = XCConfigurationList;
			buildConfigurations = (
				919D1497270B687D0088552E /* Debug */,
				919D1498270B687D0088552E /* Release */,
			);
			defaultConfigurationIsVisible = 0;
			defaultConfigurationName = Release;
		};
		919D1499270B687D0088552E /* Build configuration list for PBXNativeTarget "NFC" */ = {
			isa = XCConfigurationList;
			buildConfigurations = (
				919D149A270B687D0088552E /* Debug */,
				919D149B270B687D0088552E /* Release */,
			);
			defaultConfigurationIsVisible = 0;
			defaultConfigurationName = Release;
		};
/* End XCConfigurationList section */
	};
	rootObject = 919D1483270B68790088552E /* Project object */;
}
