// !$*UTF8*$!
{
	archiveVersion = 1;
	classes = {
	};
	objectVersion = 55;
	objects = {

/* Begin PBXBuildFile section */
		916A20D7270638BE00F314DE /* AppDelegate.swift in Sources */ = {isa = PBXBuildFile; fileRef = 916A20D6270638BE00F314DE /* AppDelegate.swift */; };
		916A20D9270638BE00F314DE /* SceneDelegate.swift in Sources */ = {isa = PBXBuildFile; fileRef = 916A20D8270638BE00F314DE /* SceneDelegate.swift */; };
		916A20DB270638BE00F314DE /* ViewController.swift in Sources */ = {isa = PBXBuildFile; fileRef = 916A20DA270638BE00F314DE /* ViewController.swift */; };
		916A20DE270638BE00F314DE /* Main.storyboard in Resources */ = {isa = PBXBuildFile; fileRef = 916A20DC270638BE00F314DE /* Main.storyboard */; };
		916A20E0270638C100F314DE /* Assets.xcassets in Resources */ = {isa = PBXBuildFile; fileRef = 916A20DF270638C100F314DE /* Assets.xcassets */; };
		916A20E3270638C100F314DE /* LaunchScreen.storyboard in Resources */ = {isa = PBXBuildFile; fileRef = 916A20E1270638C100F314DE /* LaunchScreen.storyboard */; };
		916A20ED270638E700F314DE /* NetworkExtension.framework in Frameworks */ = {isa = PBXBuildFile; fileRef = 916A20EC270638E700F314DE /* NetworkExtension.framework */; };
		916A20F02706395200F314DE /* VPN Handler.swift in Sources */ = {isa = PBXBuildFile; fileRef = 916A20EF2706395200F314DE /* VPN Handler.swift */; };
		916A20F22706397700F314DE /* Keychain Service.swift in Sources */ = {isa = PBXBuildFile; fileRef = 916A20F12706397700F314DE /* Keychain Service.swift */; };
		916A20F4270639E300F314DE /* VPN Models.swift in Sources */ = {isa = PBXBuildFile; fileRef = 916A20F3270639E300F314DE /* VPN Models.swift */; };
/* End PBXBuildFile section */

/* Begin PBXFileReference section */
		916A20D3270638BE00F314DE /* VPNConnect.app */ = {isa = PBXFileReference; explicitFileType = wrapper.application; includeInIndex = 0; path = VPNConnect.app; sourceTree = BUILT_PRODUCTS_DIR; };
		916A20D6270638BE00F314DE /* AppDelegate.swift */ = {isa = PBXFileReference; lastKnownFileType = sourcecode.swift; path = AppDelegate.swift; sourceTree = "<group>"; };
		916A20D8270638BE00F314DE /* SceneDelegate.swift */ = {isa = PBXFileReference; lastKnownFileType = sourcecode.swift; path = SceneDelegate.swift; sourceTree = "<group>"; };
		916A20DA270638BE00F314DE /* ViewController.swift */ = {isa = PBXFileReference; lastKnownFileType = sourcecode.swift; path = ViewController.swift; sourceTree = "<group>"; };
		916A20DD270638BE00F314DE /* Base */ = {isa = PBXFileReference; lastKnownFileType = file.storyboard; name = Base; path = Base.lproj/Main.storyboard; sourceTree = "<group>"; };
		916A20DF270638C100F314DE /* Assets.xcassets */ = {isa = PBXFileReference; lastKnownFileType = folder.assetcatalog; path = Assets.xcassets; sourceTree = "<group>"; };
		916A20E2270638C100F314DE /* Base */ = {isa = PBXFileReference; lastKnownFileType = file.storyboard; name = Base; path = Base.lproj/LaunchScreen.storyboard; sourceTree = "<group>"; };
		916A20E4270638C100F314DE /* Info.plist */ = {isa = PBXFileReference; lastKnownFileType = text.plist.xml; path = Info.plist; sourceTree = "<group>"; };
		916A20EA270638E700F314DE /* VPNConnect.entitlements */ = {isa = PBXFileReference; lastKnownFileType = text.plist.entitlements; path = VPNConnect.entitlements; sourceTree = "<group>"; };
		916A20EC270638E700F314DE /* NetworkExtension.framework */ = {isa = PBXFileReference; lastKnownFileType = wrapper.framework; name = NetworkExtension.framework; path = System/Library/Frameworks/NetworkExtension.framework; sourceTree = SDKROOT; };
		916A20EF2706395200F314DE /* VPN Handler.swift */ = {isa = PBXFileReference; lastKnownFileType = sourcecode.swift; path = "VPN Handler.swift"; sourceTree = "<group>"; };
		916A20F12706397700F314DE /* Keychain Service.swift */ = {isa = PBXFileReference; lastKnownFileType = sourcecode.swift; path = "Keychain Service.swift"; sourceTree = "<group>"; };
		916A20F3270639E300F314DE /* VPN Models.swift */ = {isa = PBXFileReference; lastKnownFileType = sourcecode.swift; path = "VPN Models.swift"; sourceTree = "<group>"; };
/* End PBXFileReference section */

/* Begin PBXFrameworksBuildPhase section */
		916A20D0270638BE00F314DE /* Frameworks */ = {
			isa = PBXFrameworksBuildPhase;
			buildActionMask = 2147483647;
			files = (
				916A20ED270638E700F314DE /* NetworkExtension.framework in Frameworks */,
			);
			runOnlyForDeploymentPostprocessing = 0;
		};
/* End PBXFrameworksBuildPhase section */

/* Begin PBXGroup section */
		916A20CA270638BE00F314DE = {
			isa = PBXGroup;
			children = (
				916A20D5270638BE00F314DE /* VPNConnect */,
				916A20D4270638BE00F314DE /* Products */,
				916A20EB270638E700F314DE /* Frameworks */,
			);
			sourceTree = "<group>";
		};
		916A20D4270638BE00F314DE /* Products */ = {
			isa = PBXGroup;
			children = (
				916A20D3270638BE00F314DE /* VPNConnect.app */,
			);
			name = Products;
			sourceTree = "<group>";
		};
		916A20D5270638BE00F314DE /* VPNConnect */ = {
			isa = PBXGroup;
			children = (
				916A20EE2706393D00F314DE /* VPN Helpers */,
				916A20EA270638E700F314DE /* VPNConnect.entitlements */,
				916A20D6270638BE00F314DE /* AppDelegate.swift */,
				916A20D8270638BE00F314DE /* SceneDelegate.swift */,
				916A20DA270638BE00F314DE /* ViewController.swift */,
				916A20DC270638BE00F314DE /* Main.storyboard */,
				916A20DF270638C100F314DE /* Assets.xcassets */,
				916A20E1270638C100F314DE /* LaunchScreen.storyboard */,
				916A20E4270638C100F314DE /* Info.plist */,
			);
			path = VPNConnect;
			sourceTree = "<group>";
		};
		916A20EB270638E700F314DE /* Frameworks */ = {
			isa = PBXGroup;
			children = (
				916A20EC270638E700F314DE /* NetworkExtension.framework */,
			);
			name = Frameworks;
			sourceTree = "<group>";
		};
		916A20EE2706393D00F314DE /* VPN Helpers */ = {
			isa = PBXGroup;
			children = (
				916A20EF2706395200F314DE /* VPN Handler.swift */,
				916A20F12706397700F314DE /* Keychain Service.swift */,
				916A20F3270639E300F314DE /* VPN Models.swift */,
			);
			path = "VPN Helpers";
			sourceTree = "<group>";
		};
/* End PBXGroup section */

/* Begin PBXNativeTarget section */
		916A20D2270638BE00F314DE /* VPNConnect */ = {
			isa = PBXNativeTarget;
			buildConfigurationList = 916A20E7270638C100F314DE /* Build configuration list for PBXNativeTarget "VPNConnect" */;
			buildPhases = (
				916A20CF270638BE00F314DE /* Sources */,
				916A20D0270638BE00F314DE /* Frameworks */,
				916A20D1270638BE00F314DE /* Resources */,
			);
			buildRules = (
			);
			dependencies = (
			);
			name = VPNConnect;
			productName = VPNConnect;
			productReference = 916A20D3270638BE00F314DE /* VPNConnect.app */;
			productType = "com.apple.product-type.application";
		};
/* End PBXNativeTarget section */

/* Begin PBXProject section */
		916A20CB270638BE00F314DE /* Project object */ = {
			isa = PBXProject;
			attributes = {
				BuildIndependentTargetsInParallel = 1;
				LastSwiftUpdateCheck = 1300;
				LastUpgradeCheck = 1300;
				TargetAttributes = {
					916A20D2270638BE00F314DE = {
						CreatedOnToolsVersion = 13.0;
					};
				};
			};
			buildConfigurationList = 916A20CE270638BE00F314DE /* Build configuration list for PBXProject "VPNConnect" */;
			compatibilityVersion = "Xcode 13.0";
			developmentRegion = en;
			hasScannedForEncodings = 0;
			knownRegions = (
				en,
				Base,
			);
			mainGroup = 916A20CA270638BE00F314DE;
			productRefGroup = 916A20D4270638BE00F314DE /* Products */;
			projectDirPath = "";
			projectRoot = "";
			targets = (
				916A20D2270638BE00F314DE /* VPNConnect */,
			);
		};
/* End PBXProject section */

/* Begin PBXResourcesBuildPhase section */
		916A20D1270638BE00F314DE /* Resources */ = {
			isa = PBXResourcesBuildPhase;
			buildActionMask = 2147483647;
			files = (
				916A20E3270638C100F314DE /* LaunchScreen.storyboard in Resources */,
				916A20E0270638C100F314DE /* Assets.xcassets in Resources */,
				916A20DE270638BE00F314DE /* Main.storyboard in Resources */,
			);
			runOnlyForDeploymentPostprocessing = 0;
		};
/* End PBXResourcesBuildPhase section */

/* Begin PBXSourcesBuildPhase section */
		916A20CF270638BE00F314DE /* Sources */ = {
			isa = PBXSourcesBuildPhase;
			buildActionMask = 2147483647;
			files = (
				916A20DB270638BE00F314DE /* ViewController.swift in Sources */,
				916A20F4270639E300F314DE /* VPN Models.swift in Sources */,
				916A20D7270638BE00F314DE /* AppDelegate.swift in Sources */,
				916A20F22706397700F314DE /* Keychain Service.swift in Sources */,
				916A20F02706395200F314DE /* VPN Handler.swift in Sources */,
				916A20D9270638BE00F314DE /* SceneDelegate.swift in Sources */,
			);
			runOnlyForDeploymentPostprocessing = 0;
		};
/* End PBXSourcesBuildPhase section */

/* Begin PBXVariantGroup section */
		916A20DC270638BE00F314DE /* Main.storyboard */ = {
			isa = PBXVariantGroup;
			children = (
				916A20DD270638BE00F314DE /* Base */,
			);
			name = Main.storyboard;
			sourceTree = "<group>";
		};
		916A20E1270638C100F314DE /* LaunchScreen.storyboard */ = {
			isa = PBXVariantGroup;
			children = (
				916A20E2270638C100F314DE /* Base */,
			);
			name = LaunchScreen.storyboard;
			sourceTree = "<group>";
		};
/* End PBXVariantGroup section */

/* Begin XCBuildConfiguration section */
		916A20E5270638C100F314DE /* Debug */ = {
			isa = XCBuildConfiguration;
			buildSettings = {
				ALWAYS_SEARCH_USER_PATHS = NO;
				CLANG_ANALYZER_NONNULL = YES;
				CLANG_ANALYZER_NUMBER_OBJECT_CONVERSION = YES_AGGRESSIVE;
				CLANG_CXX_LANGUAGE_STANDARD = "gnu++17";
				CLANG_CXX_LIBRARY = "libc++";
				CLANG_ENABLE_MODULES = YES;
				CLANG_ENABLE_OBJC_ARC = YES;
				CLANG_ENABLE_OBJC_WEAK = YES;
				CLANG_WARN_BLOCK_CAPTURE_AUTORELEASING = YES;
				CLANG_WARN_BOOL_CONVERSION = YES;
				CLANG_WARN_COMMA = YES;
				CLANG_WARN_CONSTANT_CONVERSION = YES;
				CLANG_WARN_DEPRECATED_OBJC_IMPLEMENTATIONS = YES;
				CLANG_WARN_DIRECT_OBJC_ISA_USAGE = YES_ERROR;
				CLANG_WARN_DOCUMENTATION_COMMENTS = YES;
				CLANG_WARN_EMPTY_BODY = YES;
				CLANG_WARN_ENUM_CONVERSION = YES;
				CLANG_WARN_INFINITE_RECURSION = YES;
				CLANG_WARN_INT_CONVERSION = YES;
				CLANG_WARN_NON_LITERAL_NULL_CONVERSION = YES;
				CLANG_WARN_OBJC_IMPLICIT_RETAIN_SELF = YES;
				CLANG_WARN_OBJC_LITERAL_CONVERSION = YES;
				CLANG_WARN_OBJC_ROOT_CLASS = YES_ERROR;
				CLANG_WARN_QUOTED_INCLUDE_IN_FRAMEWORK_HEADER = YES;
				CLANG_WARN_RANGE_LOOP_ANALYSIS = YES;
				CLANG_WARN_STRICT_PROTOTYPES = YES;
				CLANG_WARN_SUSPICIOUS_MOVE = YES;
				CLANG_WARN_UNGUARDED_AVAILABILITY = YES_AGGRESSIVE;
				CLANG_WARN_UNREACHABLE_CODE = YES;
				CLANG_WARN__DUPLICATE_METHOD_MATCH = YES;
				COPY_PHASE_STRIP = NO;
				DEBUG_INFORMATION_FORMAT = dwarf;
				ENABLE_STRICT_OBJC_MSGSEND = YES;
				ENABLE_TESTABILITY = YES;
				GCC_C_LANGUAGE_STANDARD = gnu11;
				GCC_DYNAMIC_NO_PIC = NO;
				GCC_NO_COMMON_BLOCKS = YES;
				GCC_OPTIMIZATION_LEVEL = 0;
				GCC_PREPROCESSOR_DEFINITIONS = (
					"DEBUG=1",
					"$(inherited)",
				);
				GCC_WARN_64_TO_32_BIT_CONVERSION = YES;
				GCC_WARN_ABOUT_RETURN_TYPE = YES_ERROR;
				GCC_WARN_UNDECLARED_SELECTOR = YES;
				GCC_WARN_UNINITIALIZED_AUTOS = YES_AGGRESSIVE;
				GCC_WARN_UNUSED_FUNCTION = YES;
				GCC_WARN_UNUSED_VARIABLE = YES;
				IPHONEOS_DEPLOYMENT_TARGET = 15.0;
				MTL_ENABLE_DEBUG_INFO = INCLUDE_SOURCE;
				MTL_FAST_MATH = YES;
				ONLY_ACTIVE_ARCH = YES;
				SDKROOT = iphoneos;
				SWIFT_ACTIVE_COMPILATION_CONDITIONS = DEBUG;
				SWIFT_OPTIMIZATION_LEVEL = "-Onone";
			};
			name = Debug;
		};
		916A20E6270638C100F314DE /* Release */ = {
			isa = XCBuildConfiguration;
			buildSettings = {
				ALWAYS_SEARCH_USER_PATHS = NO;
				CLANG_ANALYZER_NONNULL = YES;
				CLANG_ANALYZER_NUMBER_OBJECT_CONVERSION = YES_AGGRESSIVE;
				CLANG_CXX_LANGUAGE_STANDARD = "gnu++17";
				CLANG_CXX_LIBRARY = "libc++";
				CLANG_ENABLE_MODULES = YES;
				CLANG_ENABLE_OBJC_ARC = YES;
				CLANG_ENABLE_OBJC_WEAK = YES;
				CLANG_WARN_BLOCK_CAPTURE_AUTORELEASING = YES;
				CLANG_WARN_BOOL_CONVERSION = YES;
				CLANG_WARN_COMMA = YES;
				CLANG_WARN_CONSTANT_CONVERSION = YES;
				CLANG_WARN_DEPRECATED_OBJC_IMPLEMENTATIONS = YES;
				CLANG_WARN_DIRECT_OBJC_ISA_USAGE = YES_ERROR;
				CLANG_WARN_DOCUMENTATION_COMMENTS = YES;
				CLANG_WARN_EMPTY_BODY = YES;
				CLANG_WARN_ENUM_CONVERSION = YES;
				CLANG_WARN_INFINITE_RECURSION = YES;
				CLANG_WARN_INT_CONVERSION = YES;
				CLANG_WARN_NON_LITERAL_NULL_CONVERSION = YES;
				CLANG_WARN_OBJC_IMPLICIT_RETAIN_SELF = YES;
				CLANG_WARN_OBJC_LITERAL_CONVERSION = YES;
				CLANG_WARN_OBJC_ROOT_CLASS = YES_ERROR;
				CLANG_WARN_QUOTED_INCLUDE_IN_FRAMEWORK_HEADER = YES;
				CLANG_WARN_RANGE_LOOP_ANALYSIS = YES;
				CLANG_WARN_STRICT_PROTOTYPES = YES;
				CLANG_WARN_SUSPICIOUS_MOVE = YES;
				CLANG_WARN_UNGUARDED_AVAILABILITY = YES_AGGRESSIVE;
				CLANG_WARN_UNREACHABLE_CODE = YES;
				CLANG_WARN__DUPLICATE_METHOD_MATCH = YES;
				COPY_PHASE_STRIP = NO;
				DEBUG_INFORMATION_FORMAT = "dwarf-with-dsym";
				ENABLE_NS_ASSERTIONS = NO;
				ENABLE_STRICT_OBJC_MSGSEND = YES;
				GCC_C_LANGUAGE_STANDARD = gnu11;
				GCC_NO_COMMON_BLOCKS = YES;
				GCC_WARN_64_TO_32_BIT_CONVERSION = YES;
				GCC_WARN_ABOUT_RETURN_TYPE = YES_ERROR;
				GCC_WARN_UNDECLARED_SELECTOR = YES;
				GCC_WARN_UNINITIALIZED_AUTOS = YES_AGGRESSIVE;
				GCC_WARN_UNUSED_FUNCTION = YES;
				GCC_WARN_UNUSED_VARIABLE = YES;
				IPHONEOS_DEPLOYMENT_TARGET = 15.0;
				MTL_ENABLE_DEBUG_INFO = NO;
				MTL_FAST_MATH = YES;
				SDKROOT = iphoneos;
				SWIFT_COMPILATION_MODE = wholemodule;
				SWIFT_OPTIMIZATION_LEVEL = "-O";
				VALIDATE_PRODUCT = YES;
			};
			name = Release;
		};
		916A20E8270638C100F314DE /* Debug */ = {
			isa = XCBuildConfiguration;
			buildSettings = {
				ASSETCATALOG_COMPILER_APPICON_NAME = AppIcon;
				ASSETCATALOG_COMPILER_GLOBAL_ACCENT_COLOR_NAME = AccentColor;
				CODE_SIGN_ENTITLEMENTS = VPNConnect/VPNConnect.entitlements;
				CODE_SIGN_STYLE = Automatic;
				CURRENT_PROJECT_VERSION = 1;
				DEVELOPMENT_TEAM = 9243FXK2D6;
				GENERATE_INFOPLIST_FILE = YES;
				INFOPLIST_FILE = VPNConnect/Info.plist;
				INFOPLIST_KEY_UIApplicationSupportsIndirectInputEvents = YES;
				INFOPLIST_KEY_UILaunchStoryboardName = LaunchScreen;
				INFOPLIST_KEY_UIMainStoryboardFile = Main;
				INFOPLIST_KEY_UISupportedInterfaceOrientations_iPad = "UIInterfaceOrientationPortrait UIInterfaceOrientationPortraitUpsideDown UIInterfaceOrientationLandscapeLeft UIInterfaceOrientationLandscapeRight";
				INFOPLIST_KEY_UISupportedInterfaceOrientations_iPhone = "UIInterfaceOrientationPortrait UIInterfaceOrientationLandscapeLeft UIInterfaceOrientationLandscapeRight";
				LD_RUNPATH_SEARCH_PATHS = (
					"$(inherited)",
					"@executable_path/Frameworks",
				);
				MARKETING_VERSION = 1.0;
				PRODUCT_BUNDLE_IDENTIFIER = com.greenrrepublic.VPNConnect;
				PRODUCT_NAME = "$(TARGET_NAME)";
				SWIFT_EMIT_LOC_STRINGS = YES;
				SWIFT_VERSION = 5.0;
				TARGETED_DEVICE_FAMILY = "1,2";
			};
			name = Debug;
		};
		916A20E9270638C100F314DE /* Release */ = {
			isa = XCBuildConfiguration;
			buildSettings = {
				ASSETCATALOG_COMPILER_APPICON_NAME = AppIcon;
				ASSETCATALOG_COMPILER_GLOBAL_ACCENT_COLOR_NAME = AccentColor;
				CODE_SIGN_ENTITLEMENTS = VPNConnect/VPNConnect.entitlements;
				CODE_SIGN_STYLE = Automatic;
				CURRENT_PROJECT_VERSION = 1;
				DEVELOPMENT_TEAM = 9243FXK2D6;
				GENERATE_INFOPLIST_FILE = YES;
				INFOPLIST_FILE = VPNConnect/Info.plist;
				INFOPLIST_KEY_UIApplicationSupportsIndirectInputEvents = YES;
				INFOPLIST_KEY_UILaunchStoryboardName = LaunchScreen;
				INFOPLIST_KEY_UIMainStoryboardFile = Main;
				INFOPLIST_KEY_UISupportedInterfaceOrientations_iPad = "UIInterfaceOrientationPortrait UIInterfaceOrientationPortraitUpsideDown UIInterfaceOrientationLandscapeLeft UIInterfaceOrientationLandscapeRight";
				INFOPLIST_KEY_UISupportedInterfaceOrientations_iPhone = "UIInterfaceOrientationPortrait UIInterfaceOrientationLandscapeLeft UIInterfaceOrientationLandscapeRight";
				LD_RUNPATH_SEARCH_PATHS = (
					"$(inherited)",
					"@executable_path/Frameworks",
				);
				MARKETING_VERSION = 1.0;
				PRODUCT_BUNDLE_IDENTIFIER = com.greenrrepublic.VPNConnect;
				PRODUCT_NAME = "$(TARGET_NAME)";
				SWIFT_EMIT_LOC_STRINGS = YES;
				SWIFT_VERSION = 5.0;
				TARGETED_DEVICE_FAMILY = "1,2";
			};
			name = Release;
		};
/* End XCBuildConfiguration section */

/* Begin XCConfigurationList section */
		916A20CE270638BE00F314DE /* Build configuration list for PBXProject "VPNConnect" */ = {
			isa = XCConfigurationList;
			buildConfigurations = (
				916A20E5270638C100F314DE /* Debug */,
				916A20E6270638C100F314DE /* Release */,
			);
			defaultConfigurationIsVisible = 0;
			defaultConfigurationName = Release;
		};
		916A20E7270638C100F314DE /* Build configuration list for PBXNativeTarget "VPNConnect" */ = {
			isa = XCConfigurationList;
			buildConfigurations = (
				916A20E8270638C100F314DE /* Debug */,
				916A20E9270638C100F314DE /* Release */,
			);
			defaultConfigurationIsVisible = 0;
			defaultConfigurationName = Release;
		};
/* End XCConfigurationList section */
	};
	rootObject = 916A20CB270638BE00F314DE /* Project object */;
}
